
Microsoft Visual Studio Solution File, Format Version 12.00
# Visual Studio Version 17
VisualStudioVersion = 17.9.34701.34
MinimumVisualStudioVersion = 10.0.40219.1
Project("{9A19103F-16F7-4668-BE54-9A1E7A4F7556}") = "GeekStore", "GeekStore\GeekStore.csproj", "{CEBA6236-A517-4D16-9FD0-0A96431C1142}"
EndProject
Global
	GlobalSection(SolutionConfigurationPlatforms) = preSolution
		Debug|Any CPU = Debug|Any CPU
		Release|Any CPU = Release|Any CPU
	EndGlobalSection
	GlobalSection(ProjectConfigurationPlatforms) = postSolution
		{CEBA6236-A517-4D16-9FD0-0A96431C1142}.Debug|Any CPU.ActiveCfg = Debug|Any CPU
		{CEBA6236-A517-4D16-9FD0-0A96431C1142}.Debug|Any CPU.Build.0 = Debug|Any CPU
		{CEBA6236-A517-4D16-9FD0-0A96431C1142}.Release|Any CPU.ActiveCfg = Release|Any CPU
		{CEBA6236-A517-4D16-9FD0-0A96431C1142}.Release|Any CPU.Build.0 = Release|Any CPU
	EndGlobalSection
	GlobalSection(SolutionProperties) = preSolution
		HideSolutionNode = FALSE
	EndGlobalSection
	GlobalSection(ExtensibilityGlobals) = postSolution
		SolutionGuid = {E8817A9F-1D7A-4F70-A27B-ABB58ED5103E}
	EndGlobalSection
EndGlobal
